
Microsoft Visual Studio Solution File, Format Version 12.00
# Visual Studio Version 16
VisualStudioVersion = 16.0.30114.105
MinimumVisualStudioVersion = 10.0.40219.1
Project("{9A19103F-16F7-4668-BE54-9A1E7A4F7556}") = "TeamLID.TravelExperts.App", "TeamLID.TravelExperts.App\TeamLID.TravelExperts.App.csproj", "{956CCF04-20ED-4A86-8B12-C70F56F03BCA}"
EndProject
Project("{9A19103F-16F7-4668-BE54-9A1E7A4F7556}") = "TeamLID.TravelExperts.Repository", "TeamLID.TravelExperts.Repository\TeamLID.TravelExperts.Repository.csproj", "{C9C58895-4B5C-43BA-951B-D1181AF1DAF2}"
EndProject
Project("{2150E333-8FDC-42A3-9474-1A3956D46DE8}") = "Solution Items", "Solution Items", "{07D06D9D-0047-4973-A4CE-3795DEA8C469}"
	ProjectSection(SolutionItems) = preProject
		Change to TravelExpertsDB.sql = Change to TravelExpertsDB.sql
		travelexperts-mssql.sql = travelexperts-mssql.sql
	EndProjectSection
EndProject
Global
	GlobalSection(SolutionConfigurationPlatforms) = preSolution
		Debug|Any CPU = Debug|Any CPU
		Release|Any CPU = Release|Any CPU
	EndGlobalSection
	GlobalSection(ProjectConfigurationPlatforms) = postSolution
		{956CCF04-20ED-4A86-8B12-C70F56F03BCA}.Debug|Any CPU.ActiveCfg = Debug|Any CPU
		{956CCF04-20ED-4A86-8B12-C70F56F03BCA}.Debug|Any CPU.Build.0 = Debug|Any CPU
		{956CCF04-20ED-4A86-8B12-C70F56F03BCA}.Release|Any CPU.ActiveCfg = Release|Any CPU
		{956CCF04-20ED-4A86-8B12-C70F56F03BCA}.Release|Any CPU.Build.0 = Release|Any CPU
		{C9C58895-4B5C-43BA-951B-D1181AF1DAF2}.Debug|Any CPU.ActiveCfg = Debug|Any CPU
		{C9C58895-4B5C-43BA-951B-D1181AF1DAF2}.Debug|Any CPU.Build.0 = Debug|Any CPU
		{C9C58895-4B5C-43BA-951B-D1181AF1DAF2}.Release|Any CPU.ActiveCfg = Release|Any CPU
		{C9C58895-4B5C-43BA-951B-D1181AF1DAF2}.Release|Any CPU.Build.0 = Release|Any CPU
	EndGlobalSection
	GlobalSection(SolutionProperties) = preSolution
		HideSolutionNode = FALSE
	EndGlobalSection
	GlobalSection(ExtensibilityGlobals) = postSolution
		SolutionGuid = {D3AD3729-994A-4E2D-BACD-6B0F3B98689F}
	EndGlobalSection
EndGlobal
